// !$*UTF8*$!
{
	archiveVersion = 1;
	classes = {
	};
	objectVersion = 50;
	objects = {

/* Begin PBXBuildFile section */
		22154D73241FF5E4001D20AD /* MonthsCell.swift in Sources */ = {isa = PBXBuildFile; fileRef = 22154D72241FF5E4001D20AD /* MonthsCell.swift */; };
		221ABBAC2435E1A600E95CD2 /* HorizontalMonthCollectionViewController.swift in Sources */ = {isa = PBXBuildFile; fileRef = 221ABBAB2435E1A600E95CD2 /* HorizontalMonthCollectionViewController.swift */; };
		22216B3C242E2B4F0054CDF1 /* MonthViewControllerExtended.swift in Sources */ = {isa = PBXBuildFile; fileRef = 22216B3B242E2B4F0054CDF1 /* MonthViewControllerExtended.swift */; };
		22286549241B132900FA091A /* DateCell.swift in Sources */ = {isa = PBXBuildFile; fileRef = 22286548241B132900FA091A /* DateCell.swift */; };
		222952D4241CD47300E470EA /* MonthsCollectionViewController.swift in Sources */ = {isa = PBXBuildFile; fileRef = 222952D3241CD47300E470EA /* MonthsCollectionViewController.swift */; };
		223F21BA241CBC530078349B /* CalendarCollectionViewController.swift in Sources */ = {isa = PBXBuildFile; fileRef = 223F21B9241CBC530078349B /* CalendarCollectionViewController.swift */; };
		223F21BC241CCEE50078349B /* EventsCollectionViewController.swift in Sources */ = {isa = PBXBuildFile; fileRef = 223F21BB241CCEE50078349B /* EventsCollectionViewController.swift */; };
		223F21BF241CD3900078349B /* MonthViewController.swift in Sources */ = {isa = PBXBuildFile; fileRef = 223F21BE241CD3900078349B /* MonthViewController.swift */; };
		2254CB90241C72DF0017ED21 /* EventsCell.swift in Sources */ = {isa = PBXBuildFile; fileRef = 2254CB8F241C72DF0017ED21 /* EventsCell.swift */; };
		2257743F242C982500BEBA65 /* SettingsView.swift in Sources */ = {isa = PBXBuildFile; fileRef = 2257743E242C982500BEBA65 /* SettingsView.swift */; };
		2284D92A241E91D8007AF1DD /* DaysListCollectionViewHeader.swift in Sources */ = {isa = PBXBuildFile; fileRef = 2284D929241E91D8007AF1DD /* DaysListCollectionViewHeader.swift */; };
		2284D92D241E9B6B007AF1DD /* Constants.swift in Sources */ = {isa = PBXBuildFile; fileRef = 2284D92C241E9B6B007AF1DD /* Constants.swift */; };
		2287A48B241E2D5B0003E736 /* CalendarEventsCollectionViewController.swift in Sources */ = {isa = PBXBuildFile; fileRef = 2287A48A241E2D5B0003E736 /* CalendarEventsCollectionViewController.swift */; };
		2287A48E241E30F00003E736 /* CalendarCollectionViewHeader.swift in Sources */ = {isa = PBXBuildFile; fileRef = 2287A48D241E30F00003E736 /* CalendarCollectionViewHeader.swift */; };
		2290B313241CAA7E0065F2DD /* EventLayout.swift in Sources */ = {isa = PBXBuildFile; fileRef = 2290B312241CAA7E0065F2DD /* EventLayout.swift */; };
		22B225D0241FBBD2004AB45E /* Yantramanav-Medium.ttf in Resources */ = {isa = PBXBuildFile; fileRef = 22B225CA241FBBD2004AB45E /* Yantramanav-Medium.ttf */; };
		22B225D1241FBBD2004AB45E /* Yantramanav-Light.ttf in Resources */ = {isa = PBXBuildFile; fileRef = 22B225CB241FBBD2004AB45E /* Yantramanav-Light.ttf */; };
		22B225D2241FBBD2004AB45E /* Yantramanav-Regular.ttf in Resources */ = {isa = PBXBuildFile; fileRef = 22B225CC241FBBD2004AB45E /* Yantramanav-Regular.ttf */; };
		22B225D3241FBBD2004AB45E /* Yantramanav-Black.ttf in Resources */ = {isa = PBXBuildFile; fileRef = 22B225CD241FBBD2004AB45E /* Yantramanav-Black.ttf */; };
		22B225D4241FBBD2004AB45E /* Yantramanav-Bold.ttf in Resources */ = {isa = PBXBuildFile; fileRef = 22B225CE241FBBD2004AB45E /* Yantramanav-Bold.ttf */; };
		22B225D5241FBBD2004AB45E /* Yantramanav-Thin.ttf in Resources */ = {isa = PBXBuildFile; fileRef = 22B225CF241FBBD2004AB45E /* Yantramanav-Thin.ttf */; };
		22D458EC2432375A00265370 /* Month.swift in Sources */ = {isa = PBXBuildFile; fileRef = 22D458EB2432375A00265370 /* Month.swift */; };
		22DE2EFF243AE6BA0086EEDE /* LandingCollectionViewHeader.swift in Sources */ = {isa = PBXBuildFile; fileRef = 22DE2EFE243AE6BA0086EEDE /* LandingCollectionViewHeader.swift */; };
		22DE2F01243AE6FD0086EEDE /* LandingViewControllerCell.swift in Sources */ = {isa = PBXBuildFile; fileRef = 22DE2F00243AE6FD0086EEDE /* LandingViewControllerCell.swift */; };
		22DF6C77241AA55400967FFD /* TodayViewController.swift in Sources */ = {isa = PBXBuildFile; fileRef = 22DF6C76241AA55400967FFD /* TodayViewController.swift */; };
		22ECDEAA2443F43500DCA1E3 /* Sample.json in Resources */ = {isa = PBXBuildFile; fileRef = 22ECDEA92443F43500DCA1E3 /* Sample.json */; };
		22ECDEAE2443FD2500DCA1E3 /* Event.swift in Sources */ = {isa = PBXBuildFile; fileRef = 22ECDEAD2443FD2500DCA1E3 /* Event.swift */; };
		22ECDEB1244409C700DCA1E3 /* Reader.swift in Sources */ = {isa = PBXBuildFile; fileRef = 22ECDEB0244409C700DCA1E3 /* Reader.swift */; };
		22F737682423B3F30027205E /* SettingsViewController.swift in Sources */ = {isa = PBXBuildFile; fileRef = 22F737672423B3F30027205E /* SettingsViewController.swift */; };
		22F892FA241A8D0D00AF0852 /* AppDelegate.swift in Sources */ = {isa = PBXBuildFile; fileRef = 22F892F9241A8D0D00AF0852 /* AppDelegate.swift */; };
		22F892FC241A8D0D00AF0852 /* SceneDelegate.swift in Sources */ = {isa = PBXBuildFile; fileRef = 22F892FB241A8D0D00AF0852 /* SceneDelegate.swift */; };
		22F892FE241A8D0D00AF0852 /* ViewController.swift in Sources */ = {isa = PBXBuildFile; fileRef = 22F892FD241A8D0D00AF0852 /* ViewController.swift */; };
		22F89303241A8D0F00AF0852 /* Assets.xcassets in Resources */ = {isa = PBXBuildFile; fileRef = 22F89302241A8D0F00AF0852 /* Assets.xcassets */; };
		22F89306241A8D0F00AF0852 /* LaunchScreen.storyboard in Resources */ = {isa = PBXBuildFile; fileRef = 22F89304241A8D0F00AF0852 /* LaunchScreen.storyboard */; };
/* End PBXBuildFile section */

/* Begin PBXFileReference section */
		22154D72241FF5E4001D20AD /* MonthsCell.swift */ = {isa = PBXFileReference; lastKnownFileType = sourcecode.swift; path = MonthsCell.swift; sourceTree = "<group>"; };
		221ABBAB2435E1A600E95CD2 /* HorizontalMonthCollectionViewController.swift */ = {isa = PBXFileReference; lastKnownFileType = sourcecode.swift; path = HorizontalMonthCollectionViewController.swift; sourceTree = "<group>"; };
		22216B3B242E2B4F0054CDF1 /* MonthViewControllerExtended.swift */ = {isa = PBXFileReference; lastKnownFileType = sourcecode.swift; path = MonthViewControllerExtended.swift; sourceTree = "<group>"; };
		22286548241B132900FA091A /* DateCell.swift */ = {isa = PBXFileReference; lastKnownFileType = sourcecode.swift; path = DateCell.swift; sourceTree = "<group>"; };
		222952D3241CD47300E470EA /* MonthsCollectionViewController.swift */ = {isa = PBXFileReference; lastKnownFileType = sourcecode.swift; path = MonthsCollectionViewController.swift; sourceTree = "<group>"; };
		223F21B9241CBC530078349B /* CalendarCollectionViewController.swift */ = {isa = PBXFileReference; lastKnownFileType = sourcecode.swift; path = CalendarCollectionViewController.swift; sourceTree = "<group>"; };
		223F21BB241CCEE50078349B /* EventsCollectionViewController.swift */ = {isa = PBXFileReference; lastKnownFileType = sourcecode.swift; path = EventsCollectionViewController.swift; sourceTree = "<group>"; };
		223F21BE241CD3900078349B /* MonthViewController.swift */ = {isa = PBXFileReference; lastKnownFileType = sourcecode.swift; path = MonthViewController.swift; sourceTree = "<group>"; };
		2254CB8F241C72DF0017ED21 /* EventsCell.swift */ = {isa = PBXFileReference; lastKnownFileType = sourcecode.swift; path = EventsCell.swift; sourceTree = "<group>"; };
		2257743E242C982500BEBA65 /* SettingsView.swift */ = {isa = PBXFileReference; lastKnownFileType = sourcecode.swift; path = SettingsView.swift; sourceTree = "<group>"; };
		226382372438E126008F465C /* README.md */ = {isa = PBXFileReference; lastKnownFileType = net.daringfireball.markdown; path = README.md; sourceTree = "<group>"; };
		2284D929241E91D8007AF1DD /* DaysListCollectionViewHeader.swift */ = {isa = PBXFileReference; lastKnownFileType = sourcecode.swift; path = DaysListCollectionViewHeader.swift; sourceTree = "<group>"; };
		2284D92C241E9B6B007AF1DD /* Constants.swift */ = {isa = PBXFileReference; lastKnownFileType = sourcecode.swift; path = Constants.swift; sourceTree = "<group>"; };
		2287A48A241E2D5B0003E736 /* CalendarEventsCollectionViewController.swift */ = {isa = PBXFileReference; lastKnownFileType = sourcecode.swift; path = CalendarEventsCollectionViewController.swift; sourceTree = "<group>"; };
		2287A48D241E30F00003E736 /* CalendarCollectionViewHeader.swift */ = {isa = PBXFileReference; lastKnownFileType = sourcecode.swift; path = CalendarCollectionViewHeader.swift; sourceTree = "<group>"; };
		2290B312241CAA7E0065F2DD /* EventLayout.swift */ = {isa = PBXFileReference; lastKnownFileType = sourcecode.swift; path = EventLayout.swift; sourceTree = "<group>"; };
		22B225CA241FBBD2004AB45E /* Yantramanav-Medium.ttf */ = {isa = PBXFileReference; lastKnownFileType = file; path = "Yantramanav-Medium.ttf"; sourceTree = "<group>"; };
		22B225CB241FBBD2004AB45E /* Yantramanav-Light.ttf */ = {isa = PBXFileReference; lastKnownFileType = file; path = "Yantramanav-Light.ttf"; sourceTree = "<group>"; };
		22B225CC241FBBD2004AB45E /* Yantramanav-Regular.ttf */ = {isa = PBXFileReference; lastKnownFileType = file; path = "Yantramanav-Regular.ttf"; sourceTree = "<group>"; };
		22B225CD241FBBD2004AB45E /* Yantramanav-Black.ttf */ = {isa = PBXFileReference; lastKnownFileType = file; path = "Yantramanav-Black.ttf"; sourceTree = "<group>"; };
		22B225CE241FBBD2004AB45E /* Yantramanav-Bold.ttf */ = {isa = PBXFileReference; lastKnownFileType = file; path = "Yantramanav-Bold.ttf"; sourceTree = "<group>"; };
		22B225CF241FBBD2004AB45E /* Yantramanav-Thin.ttf */ = {isa = PBXFileReference; lastKnownFileType = file; path = "Yantramanav-Thin.ttf"; sourceTree = "<group>"; };
		22D458EB2432375A00265370 /* Month.swift */ = {isa = PBXFileReference; lastKnownFileType = sourcecode.swift; path = Month.swift; sourceTree = "<group>"; };
		22DE2EFE243AE6BA0086EEDE /* LandingCollectionViewHeader.swift */ = {isa = PBXFileReference; lastKnownFileType = sourcecode.swift; path = LandingCollectionViewHeader.swift; sourceTree = "<group>"; };
		22DE2F00243AE6FD0086EEDE /* LandingViewControllerCell.swift */ = {isa = PBXFileReference; lastKnownFileType = sourcecode.swift; path = LandingViewControllerCell.swift; sourceTree = "<group>"; };
		22DF6C76241AA55400967FFD /* TodayViewController.swift */ = {isa = PBXFileReference; lastKnownFileType = sourcecode.swift; path = TodayViewController.swift; sourceTree = "<group>"; };
		22ECDEA92443F43500DCA1E3 /* Sample.json */ = {isa = PBXFileReference; lastKnownFileType = text.json; path = Sample.json; sourceTree = "<group>"; };
		22ECDEAD2443FD2500DCA1E3 /* Event.swift */ = {isa = PBXFileReference; lastKnownFileType = sourcecode.swift; path = Event.swift; sourceTree = "<group>"; };
		22ECDEB0244409C700DCA1E3 /* Reader.swift */ = {isa = PBXFileReference; lastKnownFileType = sourcecode.swift; path = Reader.swift; sourceTree = "<group>"; };
		22F737672423B3F30027205E /* SettingsViewController.swift */ = {isa = PBXFileReference; fileEncoding = 4; lastKnownFileType = sourcecode.swift; path = SettingsViewController.swift; sourceTree = "<group>"; };
		22F892F6241A8D0D00AF0852 /* CalendarPOC.app */ = {isa = PBXFileReference; explicitFileType = wrapper.application; includeInIndex = 0; path = CalendarPOC.app; sourceTree = BUILT_PRODUCTS_DIR; };
		22F892F9241A8D0D00AF0852 /* AppDelegate.swift */ = {isa = PBXFileReference; lastKnownFileType = sourcecode.swift; path = AppDelegate.swift; sourceTree = "<group>"; };
		22F892FB241A8D0D00AF0852 /* SceneDelegate.swift */ = {isa = PBXFileReference; lastKnownFileType = sourcecode.swift; path = SceneDelegate.swift; sourceTree = "<group>"; };
		22F892FD241A8D0D00AF0852 /* ViewController.swift */ = {isa = PBXFileReference; lastKnownFileType = sourcecode.swift; path = ViewController.swift; sourceTree = "<group>"; };
		22F89302241A8D0F00AF0852 /* Assets.xcassets */ = {isa = PBXFileReference; lastKnownFileType = folder.assetcatalog; path = Assets.xcassets; sourceTree = "<group>"; };
		22F89305241A8D0F00AF0852 /* Base */ = {isa = PBXFileReference; lastKnownFileType = file.storyboard; name = Base; path = Base.lproj/LaunchScreen.storyboard; sourceTree = "<group>"; };
		22F89307241A8D0F00AF0852 /* Info.plist */ = {isa = PBXFileReference; lastKnownFileType = text.plist.xml; path = Info.plist; sourceTree = "<group>"; };
/* End PBXFileReference section */

/* Begin PBXFrameworksBuildPhase section */
		22F892F3241A8D0D00AF0852 /* Frameworks */ = {
			isa = PBXFrameworksBuildPhase;
			buildActionMask = 2147483647;
			files = (
			);
			runOnlyForDeploymentPostprocessing = 0;
		};
/* End PBXFrameworksBuildPhase section */

/* Begin PBXGroup section */
		221709A3241FB71800CA889E /* Fonts */ = {
			isa = PBXGroup;
			children = (
				22B225CD241FBBD2004AB45E /* Yantramanav-Black.ttf */,
				22B225CE241FBBD2004AB45E /* Yantramanav-Bold.ttf */,
				22B225CB241FBBD2004AB45E /* Yantramanav-Light.ttf */,
				22B225CA241FBBD2004AB45E /* Yantramanav-Medium.ttf */,
				22B225CC241FBBD2004AB45E /* Yantramanav-Regular.ttf */,
				22B225CF241FBBD2004AB45E /* Yantramanav-Thin.ttf */,
			);
			path = Fonts;
			sourceTree = "<group>";
		};
		2228654C241B159D00FA091A /* Controllers */ = {
			isa = PBXGroup;
			children = (
				223F21BD241CD3530078349B /* CollectionViewControllers */,
				22F892FD241A8D0D00AF0852 /* ViewController.swift */,
				22F737672423B3F30027205E /* SettingsViewController.swift */,
				22DF6C76241AA55400967FFD /* TodayViewController.swift */,
				223F21BE241CD3900078349B /* MonthViewController.swift */,
				2257743E242C982500BEBA65 /* SettingsView.swift */,
				22216B3B242E2B4F0054CDF1 /* MonthViewControllerExtended.swift */,
			);
			path = Controllers;
			sourceTree = "<group>";
		};
		2228654D241B15B400FA091A /* Views */ = {
			isa = PBXGroup;
			children = (
				2287A48C241E30D90003E736 /* CollectionViewHeader */,
				2228654E241B15C000FA091A /* CollectionViewCells */,
			);
			path = Views;
			sourceTree = "<group>";
		};
		2228654E241B15C000FA091A /* CollectionViewCells */ = {
			isa = PBXGroup;
			children = (
				22286548241B132900FA091A /* DateCell.swift */,
				2254CB8F241C72DF0017ED21 /* EventsCell.swift */,
				22154D72241FF5E4001D20AD /* MonthsCell.swift */,
				22DE2F00243AE6FD0086EEDE /* LandingViewControllerCell.swift */,
			);
			path = CollectionViewCells;
			sourceTree = "<group>";
		};
		223F21BD241CD3530078349B /* CollectionViewControllers */ = {
			isa = PBXGroup;
			children = (
				2287A48A241E2D5B0003E736 /* CalendarEventsCollectionViewController.swift */,
				223F21B9241CBC530078349B /* CalendarCollectionViewController.swift */,
				223F21BB241CCEE50078349B /* EventsCollectionViewController.swift */,
				222952D3241CD47300E470EA /* MonthsCollectionViewController.swift */,
				221ABBAB2435E1A600E95CD2 /* HorizontalMonthCollectionViewController.swift */,
			);
			path = CollectionViewControllers;
			sourceTree = "<group>";
		};
		2284D92B241E9B44007AF1DD /* Utils */ = {
			isa = PBXGroup;
			children = (
				2284D92C241E9B6B007AF1DD /* Constants.swift */,
			);
			path = Utils;
			sourceTree = "<group>";
		};
		2287A48C241E30D90003E736 /* CollectionViewHeader */ = {
			isa = PBXGroup;
			children = (
				2287A48D241E30F00003E736 /* CalendarCollectionViewHeader.swift */,
				2284D929241E91D8007AF1DD /* DaysListCollectionViewHeader.swift */,
				22DE2EFE243AE6BA0086EEDE /* LandingCollectionViewHeader.swift */,
			);
			path = CollectionViewHeader;
			sourceTree = "<group>";
		};
		2290B311241CAA6B0065F2DD /* Customizations */ = {
			isa = PBXGroup;
			children = (
				2290B312241CAA7E0065F2DD /* EventLayout.swift */,
			);
			path = Customizations;
			sourceTree = "<group>";
		};
		22D458EA2432373F00265370 /* Models */ = {
			isa = PBXGroup;
			children = (
				22D458EB2432375A00265370 /* Month.swift */,
				22ECDEAD2443FD2500DCA1E3 /* Event.swift */,
			);
			path = Models;
			sourceTree = "<group>";
		};
		22ECDEAF244409B400DCA1E3 /* Service */ = {
			isa = PBXGroup;
			children = (
				22ECDEB0244409C700DCA1E3 /* Reader.swift */,
			);
			path = Service;
			sourceTree = "<group>";
		};
		22F892ED241A8D0D00AF0852 = {
			isa = PBXGroup;
			children = (
				226382372438E126008F465C /* README.md */,
				22F892F8241A8D0D00AF0852 /* CalendarPOC */,
				22F892F7241A8D0D00AF0852 /* Products */,
			);
			sourceTree = "<group>";
		};
		22F892F7241A8D0D00AF0852 /* Products */ = {
			isa = PBXGroup;
			children = (
				22F892F6241A8D0D00AF0852 /* CalendarPOC.app */,
			);
			name = Products;
			sourceTree = "<group>";
		};
		22F892F8241A8D0D00AF0852 /* CalendarPOC */ = {
			isa = PBXGroup;
			children = (
				22ECDEAF244409B400DCA1E3 /* Service */,
				22D458EA2432373F00265370 /* Models */,
				221709A3241FB71800CA889E /* Fonts */,
				2284D92B241E9B44007AF1DD /* Utils */,
				2290B311241CAA6B0065F2DD /* Customizations */,
				2228654D241B15B400FA091A /* Views */,
				2228654C241B159D00FA091A /* Controllers */,
				22F892F9241A8D0D00AF0852 /* AppDelegate.swift */,
				22ECDEA92443F43500DCA1E3 /* Sample.json */,
				22F892FB241A8D0D00AF0852 /* SceneDelegate.swift */,
				22F89302241A8D0F00AF0852 /* Assets.xcassets */,
				22F89304241A8D0F00AF0852 /* LaunchScreen.storyboard */,
				22F89307241A8D0F00AF0852 /* Info.plist */,
			);
			path = CalendarPOC;
			sourceTree = "<group>";
		};
/* End PBXGroup section */

/* Begin PBXNativeTarget section */
		22F892F5241A8D0D00AF0852 /* CalendarPOC */ = {
			isa = PBXNativeTarget;
			buildConfigurationList = 22F8930A241A8D0F00AF0852 /* Build configuration list for PBXNativeTarget "CalendarPOC" */;
			buildPhases = (
				22F892F2241A8D0D00AF0852 /* Sources */,
				22F892F3241A8D0D00AF0852 /* Frameworks */,
				22F892F4241A8D0D00AF0852 /* Resources */,
			);
			buildRules = (
			);
			dependencies = (
			);
			name = CalendarPOC;
			productName = CalendarPOC;
			productReference = 22F892F6241A8D0D00AF0852 /* CalendarPOC.app */;
			productType = "com.apple.product-type.application";
		};
/* End PBXNativeTarget section */

/* Begin PBXProject section */
		22F892EE241A8D0D00AF0852 /* Project object */ = {
			isa = PBXProject;
			attributes = {
				LastSwiftUpdateCheck = 1130;
				LastUpgradeCheck = 1130;
				ORGANIZATIONNAME = "Ravi Bastola";
				TargetAttributes = {
					22F892F5241A8D0D00AF0852 = {
						CreatedOnToolsVersion = 11.3.1;
					};
				};
			};
			buildConfigurationList = 22F892F1241A8D0D00AF0852 /* Build configuration list for PBXProject "CalendarPOC" */;
			compatibilityVersion = "Xcode 9.3";
			developmentRegion = en;
			hasScannedForEncodings = 0;
			knownRegions = (
				en,
				Base,
			);
			mainGroup = 22F892ED241A8D0D00AF0852;
			productRefGroup = 22F892F7241A8D0D00AF0852 /* Products */;
			projectDirPath = "";
			projectRoot = "";
			targets = (
				22F892F5241A8D0D00AF0852 /* CalendarPOC */,
			);
		};
/* End PBXProject section */

/* Begin PBXResourcesBuildPhase section */
		22F892F4241A8D0D00AF0852 /* Resources */ = {
			isa = PBXResourcesBuildPhase;
			buildActionMask = 2147483647;
			files = (
				22B225D1241FBBD2004AB45E /* Yantramanav-Light.ttf in Resources */,
				22F89306241A8D0F00AF0852 /* LaunchScreen.storyboard in Resources */,
				22ECDEAA2443F43500DCA1E3 /* Sample.json in Resources */,
				22B225D5241FBBD2004AB45E /* Yantramanav-Thin.ttf in Resources */,
				22F89303241A8D0F00AF0852 /* Assets.xcassets in Resources */,
				22B225D4241FBBD2004AB45E /* Yantramanav-Bold.ttf in Resources */,
				22B225D3241FBBD2004AB45E /* Yantramanav-Black.ttf in Resources */,
				22B225D0241FBBD2004AB45E /* Yantramanav-Medium.ttf in Resources */,
				22B225D2241FBBD2004AB45E /* Yantramanav-Regular.ttf in Resources */,
			);
			runOnlyForDeploymentPostprocessing = 0;
		};
/* End PBXResourcesBuildPhase section */

/* Begin PBXSourcesBuildPhase section */
		22F892F2241A8D0D00AF0852 /* Sources */ = {
			isa = PBXSourcesBuildPhase;
			buildActionMask = 2147483647;
			files = (
				223F21BA241CBC530078349B /* CalendarCollectionViewController.swift in Sources */,
				223F21BF241CD3900078349B /* MonthViewController.swift in Sources */,
				22DF6C77241AA55400967FFD /* TodayViewController.swift in Sources */,
				22DE2EFF243AE6BA0086EEDE /* LandingCollectionViewHeader.swift in Sources */,
				2287A48B241E2D5B0003E736 /* CalendarEventsCollectionViewController.swift in Sources */,
				22216B3C242E2B4F0054CDF1 /* MonthViewControllerExtended.swift in Sources */,
				221ABBAC2435E1A600E95CD2 /* HorizontalMonthCollectionViewController.swift in Sources */,
				22ECDEB1244409C700DCA1E3 /* Reader.swift in Sources */,
				22154D73241FF5E4001D20AD /* MonthsCell.swift in Sources */,
				22286549241B132900FA091A /* DateCell.swift in Sources */,
				2284D92D241E9B6B007AF1DD /* Constants.swift in Sources */,
				2254CB90241C72DF0017ED21 /* EventsCell.swift in Sources */,
				222952D4241CD47300E470EA /* MonthsCollectionViewController.swift in Sources */,
				223F21BC241CCEE50078349B /* EventsCollectionViewController.swift in Sources */,
				2287A48E241E30F00003E736 /* CalendarCollectionViewHeader.swift in Sources */,
				22D458EC2432375A00265370 /* Month.swift in Sources */,
				22F892FE241A8D0D00AF0852 /* ViewController.swift in Sources */,
				22ECDEAE2443FD2500DCA1E3 /* Event.swift in Sources */,
				22DE2F01243AE6FD0086EEDE /* LandingViewControllerCell.swift in Sources */,
				22F737682423B3F30027205E /* SettingsViewController.swift in Sources */,
				2284D92A241E91D8007AF1DD /* DaysListCollectionViewHeader.swift in Sources */,
				22F892FA241A8D0D00AF0852 /* AppDelegate.swift in Sources */,
				22F892FC241A8D0D00AF0852 /* SceneDelegate.swift in Sources */,
				2290B313241CAA7E0065F2DD /* EventLayout.swift in Sources */,
				2257743F242C982500BEBA65 /* SettingsView.swift in Sources */,
			);
			runOnlyForDeploymentPostprocessing = 0;
		};
/* End PBXSourcesBuildPhase section */

/* Begin PBXVariantGroup section */
		22F89304241A8D0F00AF0852 /* LaunchScreen.storyboard */ = {
			isa = PBXVariantGroup;
			children = (
				22F89305241A8D0F00AF0852 /* Base */,
			);
			name = LaunchScreen.storyboard;
			sourceTree = "<group>";
		};
/* End PBXVariantGroup section */

/* Begin XCBuildConfiguration section */
		22F89308241A8D0F00AF0852 /* Debug */ = {
			isa = XCBuildConfiguration;
			buildSettings = {
				ALWAYS_SEARCH_USER_PATHS = NO;
				CLANG_ANALYZER_NONNULL = YES;
				CLANG_ANALYZER_NUMBER_OBJECT_CONVERSION = YES_AGGRESSIVE;
				CLANG_CXX_LANGUAGE_STANDARD = "gnu++14";
				CLANG_CXX_LIBRARY = "libc++";
				CLANG_ENABLE_MODULES = YES;
				CLANG_ENABLE_OBJC_ARC = YES;
				CLANG_ENABLE_OBJC_WEAK = YES;
				CLANG_WARN_BLOCK_CAPTURE_AUTORELEASING = YES;
				CLANG_WARN_BOOL_CONVERSION = YES;
				CLANG_WARN_COMMA = YES;
				CLANG_WARN_CONSTANT_CONVERSION = YES;
				CLANG_WARN_DEPRECATED_OBJC_IMPLEMENTATIONS = YES;
				CLANG_WARN_DIRECT_OBJC_ISA_USAGE = YES_ERROR;
				CLANG_WARN_DOCUMENTATION_COMMENTS = YES;
				CLANG_WARN_EMPTY_BODY = YES;
				CLANG_WARN_ENUM_CONVERSION = YES;
				CLANG_WARN_INFINITE_RECURSION = YES;
				CLANG_WARN_INT_CONVERSION = YES;
				CLANG_WARN_NON_LITERAL_NULL_CONVERSION = YES;
				CLANG_WARN_OBJC_IMPLICIT_RETAIN_SELF = YES;
				CLANG_WARN_OBJC_LITERAL_CONVERSION = YES;
				CLANG_WARN_OBJC_ROOT_CLASS = YES_ERROR;
				CLANG_WARN_RANGE_LOOP_ANALYSIS = YES;
				CLANG_WARN_STRICT_PROTOTYPES = YES;
				CLANG_WARN_SUSPICIOUS_MOVE = YES;
				CLANG_WARN_UNGUARDED_AVAILABILITY = YES_AGGRESSIVE;
				CLANG_WARN_UNREACHABLE_CODE = YES;
				CLANG_WARN__DUPLICATE_METHOD_MATCH = YES;
				COPY_PHASE_STRIP = NO;
				DEBUG_INFORMATION_FORMAT = dwarf;
				ENABLE_STRICT_OBJC_MSGSEND = YES;
				ENABLE_TESTABILITY = YES;
				GCC_C_LANGUAGE_STANDARD = gnu11;
				GCC_DYNAMIC_NO_PIC = NO;
				GCC_NO_COMMON_BLOCKS = YES;
				GCC_OPTIMIZATION_LEVEL = 0;
				GCC_PREPROCESSOR_DEFINITIONS = (
					"DEBUG=1",
					"$(inherited)",
				);
				GCC_WARN_64_TO_32_BIT_CONVERSION = YES;
				GCC_WARN_ABOUT_RETURN_TYPE = YES_ERROR;
				GCC_WARN_UNDECLARED_SELECTOR = YES;
				GCC_WARN_UNINITIALIZED_AUTOS = YES_AGGRESSIVE;
				GCC_WARN_UNUSED_FUNCTION = YES;
				GCC_WARN_UNUSED_VARIABLE = YES;
				IPHONEOS_DEPLOYMENT_TARGET = 13.2;
				MTL_ENABLE_DEBUG_INFO = INCLUDE_SOURCE;
				MTL_FAST_MATH = YES;
				ONLY_ACTIVE_ARCH = YES;
				SDKROOT = iphoneos;
				SWIFT_ACTIVE_COMPILATION_CONDITIONS = DEBUG;
				SWIFT_OPTIMIZATION_LEVEL = "-Onone";
			};
			name = Debug;
		};
		22F89309241A8D0F00AF0852 /* Release */ = {
			isa = XCBuildConfiguration;
			buildSettings = {
				ALWAYS_SEARCH_USER_PATHS = NO;
				CLANG_ANALYZER_NONNULL = YES;
				CLANG_ANALYZER_NUMBER_OBJECT_CONVERSION = YES_AGGRESSIVE;
				CLANG_CXX_LANGUAGE_STANDARD = "gnu++14";
				CLANG_CXX_LIBRARY = "libc++";
				CLANG_ENABLE_MODULES = YES;
				CLANG_ENABLE_OBJC_ARC = YES;
				CLANG_ENABLE_OBJC_WEAK = YES;
				CLANG_WARN_BLOCK_CAPTURE_AUTORELEASING = YES;
				CLANG_WARN_BOOL_CONVERSION = YES;
				CLANG_WARN_COMMA = YES;
				CLANG_WARN_CONSTANT_CONVERSION = YES;
				CLANG_WARN_DEPRECATED_OBJC_IMPLEMENTATIONS = YES;
				CLANG_WARN_DIRECT_OBJC_ISA_USAGE = YES_ERROR;
				CLANG_WARN_DOCUMENTATION_COMMENTS = YES;
				CLANG_WARN_EMPTY_BODY = YES;
				CLANG_WARN_ENUM_CONVERSION = YES;
				CLANG_WARN_INFINITE_RECURSION = YES;
				CLANG_WARN_INT_CONVERSION = YES;
				CLANG_WARN_NON_LITERAL_NULL_CONVERSION = YES;
				CLANG_WARN_OBJC_IMPLICIT_RETAIN_SELF = YES;
				CLANG_WARN_OBJC_LITERAL_CONVERSION = YES;
				CLANG_WARN_OBJC_ROOT_CLASS = YES_ERROR;
				CLANG_WARN_RANGE_LOOP_ANALYSIS = YES;
				CLANG_WARN_STRICT_PROTOTYPES = YES;
				CLANG_WARN_SUSPICIOUS_MOVE = YES;
				CLANG_WARN_UNGUARDED_AVAILABILITY = YES_AGGRESSIVE;
				CLANG_WARN_UNREACHABLE_CODE = YES;
				CLANG_WARN__DUPLICATE_METHOD_MATCH = YES;
				COPY_PHASE_STRIP = NO;
				DEBUG_INFORMATION_FORMAT = "dwarf-with-dsym";
				ENABLE_NS_ASSERTIONS = NO;
				ENABLE_STRICT_OBJC_MSGSEND = YES;
				GCC_C_LANGUAGE_STANDARD = gnu11;
				GCC_NO_COMMON_BLOCKS = YES;
				GCC_WARN_64_TO_32_BIT_CONVERSION = YES;
				GCC_WARN_ABOUT_RETURN_TYPE = YES_ERROR;
				GCC_WARN_UNDECLARED_SELECTOR = YES;
				GCC_WARN_UNINITIALIZED_AUTOS = YES_AGGRESSIVE;
				GCC_WARN_UNUSED_FUNCTION = YES;
				GCC_WARN_UNUSED_VARIABLE = YES;
				IPHONEOS_DEPLOYMENT_TARGET = 13.2;
				MTL_ENABLE_DEBUG_INFO = NO;
				MTL_FAST_MATH = YES;
				SDKROOT = iphoneos;
				SWIFT_COMPILATION_MODE = wholemodule;
				SWIFT_OPTIMIZATION_LEVEL = "-O";
				VALIDATE_PRODUCT = YES;
			};
			name = Release;
		};
		22F8930B241A8D0F00AF0852 /* Debug */ = {
			isa = XCBuildConfiguration;
			buildSettings = {
				ASSETCATALOG_COMPILER_APPICON_NAME = AppIcon;
				CODE_SIGN_STYLE = Automatic;
				INFOPLIST_FILE = CalendarPOC/Info.plist;
				IPHONEOS_DEPLOYMENT_TARGET = 13.2;
				LD_RUNPATH_SEARCH_PATHS = (
					"$(inherited)",
					"@executable_path/Frameworks",
				);
				PRODUCT_BUNDLE_IDENTIFIER = Ravi.CalendarPOC;
				PRODUCT_NAME = "$(TARGET_NAME)";
				SWIFT_VERSION = 5.0;
				TARGETED_DEVICE_FAMILY = 1;
			};
			name = Debug;
		};
		22F8930C241A8D0F00AF0852 /* Release */ = {
			isa = XCBuildConfiguration;
			buildSettings = {
				ASSETCATALOG_COMPILER_APPICON_NAME = AppIcon;
				CODE_SIGN_STYLE = Automatic;
				INFOPLIST_FILE = CalendarPOC/Info.plist;
				IPHONEOS_DEPLOYMENT_TARGET = 13.2;
				LD_RUNPATH_SEARCH_PATHS = (
					"$(inherited)",
					"@executable_path/Frameworks",
				);
				PRODUCT_BUNDLE_IDENTIFIER = Ravi.CalendarPOC;
				PRODUCT_NAME = "$(TARGET_NAME)";
				SWIFT_VERSION = 5.0;
				TARGETED_DEVICE_FAMILY = 1;
			};
			name = Release;
		};
/* End XCBuildConfiguration section */

/* Begin XCConfigurationList section */
		22F892F1241A8D0D00AF0852 /* Build configuration list for PBXProject "CalendarPOC" */ = {
			isa = XCConfigurationList;
			buildConfigurations = (
				22F89308241A8D0F00AF0852 /* Debug */,
				22F89309241A8D0F00AF0852 /* Release */,
			);
			defaultConfigurationIsVisible = 0;
			defaultConfigurationName = Release;
		};
		22F8930A241A8D0F00AF0852 /* Build configuration list for PBXNativeTarget "CalendarPOC" */ = {
			isa = XCConfigurationList;
			buildConfigurations = (
				22F8930B241A8D0F00AF0852 /* Debug */,
				22F8930C241A8D0F00AF0852 /* Release */,
			);
			defaultConfigurationIsVisible = 0;
			defaultConfigurationName = Release;
		};
/* End XCConfigurationList section */
	};
	rootObject = 22F892EE241A8D0D00AF0852 /* Project object */;
}
